
Microsoft Visual Studio Solution File, Format Version 12.00
# Visual Studio 15
VisualStudioVersion = 15.0.28307.852
MinimumVisualStudioVersion = 10.0.40219.1
Project("{9A19103F-16F7-4668-BE54-9A1E7A4F7556}") = "nowcoder", "nowcoder.csproj", "{19B94A67-DFEE-4DA8-85D5-3F56EE1E2D97}"
EndProject
Global
	GlobalSection(SolutionConfigurationPlatforms) = preSolution
		Debug|Any CPU = Debug|Any CPU
		Release|Any CPU = Release|Any CPU
	EndGlobalSection
	GlobalSection(ProjectConfigurationPlatforms) = postSolution
		{19B94A67-DFEE-4DA8-85D5-3F56EE1E2D97}.Debug|Any CPU.ActiveCfg = Debug|Any CPU
		{19B94A67-DFEE-4DA8-85D5-3F56EE1E2D97}.Debug|Any CPU.Build.0 = Debug|Any CPU
		{19B94A67-DFEE-4DA8-85D5-3F56EE1E2D97}.Release|Any CPU.ActiveCfg = Release|Any CPU
		{19B94A67-DFEE-4DA8-85D5-3F56EE1E2D97}.Release|Any CPU.Build.0 = Release|Any CPU
	EndGlobalSection
	GlobalSection(SolutionProperties) = preSolution
		HideSolutionNode = FALSE
	EndGlobalSection
	GlobalSection(ExtensibilityGlobals) = postSolution
		SolutionGuid = {2628DA98-559E-4052-A4FC-E94B5177CDBB}
	EndGlobalSection
EndGlobal
